
Microsoft Visual Studio Solution File, Format Version 12.00
# Visual Studio 15
VisualStudioVersion = 15.0.28307.168
MinimumVisualStudioVersion = 10.0.40219.1
Project("{FAE04EC0-301F-11D3-BF4B-00C04F79EFBC}") = "fit_xna_framework_lab", "fit_xna_framework_lab\fit_xna_framework_lab.csproj", "{4FBF8CDF-A8D9-49B2-B398-D30A8281D98D}"
EndProject
Global
	GlobalSection(SolutionConfigurationPlatforms) = preSolution
		Debug|Any CPU = Debug|Any CPU
		Release|Any CPU = Release|Any CPU
	EndGlobalSection
	GlobalSection(ProjectConfigurationPlatforms) = postSolution
		{4FBF8CDF-A8D9-49B2-B398-D30A8281D98D}.Debug|Any CPU.ActiveCfg = Debug|Any CPU
		{4FBF8CDF-A8D9-49B2-B398-D30A8281D98D}.Debug|Any CPU.Build.0 = Debug|Any CPU
		{4FBF8CDF-A8D9-49B2-B398-D30A8281D98D}.Release|Any CPU.ActiveCfg = Release|Any CPU
		{4FBF8CDF-A8D9-49B2-B398-D30A8281D98D}.Release|Any CPU.Build.0 = Release|Any CPU
	EndGlobalSection
	GlobalSection(SolutionProperties) = preSolution
		HideSolutionNode = FALSE
	EndGlobalSection
	GlobalSection(ExtensibilityGlobals) = postSolution
		SolutionGuid = {94B34877-2D59-417C-B2DA-EF776A31ED5C}
	EndGlobalSection
EndGlobal
